
Microsoft Visual Studio Solution File, Format Version 12.00
# Visual Studio Version 17
VisualStudioVersion = 17.4.33213.308
MinimumVisualStudioVersion = 10.0.40219.1
Project("{9A19103F-16F7-4668-BE54-9A1E7A4F7556}") = "Listed.UI", "Listed.UI\Listed.UI.csproj", "{ED5963E5-9685-4FCE-B78D-54547DE5C609}"
EndProject
Project("{9A19103F-16F7-4668-BE54-9A1E7A4F7556}") = "Listed.DAL", "Listed.DAL\Listed.DAL.csproj", "{30EAF9B6-FF1B-4F1A-9154-2F6073FD73C8}"
EndProject
Project("{9A19103F-16F7-4668-BE54-9A1E7A4F7556}") = "Listed.BLL", "Listed.BLL\Listed.BLL.csproj", "{C05056B1-011F-498E-B0A7-291A48DE2DEB}"
EndProject
Project("{FAE04EC0-301F-11D3-BF4B-00C04F79EFBC}") = "Listed.Tests", "Listed.Tests\Listed.Tests.csproj", "{9A1526D7-2034-4BD1-9871-8CD9411D292F}"
EndProject
Global
	GlobalSection(SolutionConfigurationPlatforms) = preSolution
		Debug|Any CPU = Debug|Any CPU
		Release|Any CPU = Release|Any CPU
	EndGlobalSection
	GlobalSection(ProjectConfigurationPlatforms) = postSolution
		{ED5963E5-9685-4FCE-B78D-54547DE5C609}.Debug|Any CPU.ActiveCfg = Debug|Any CPU
		{ED5963E5-9685-4FCE-B78D-54547DE5C609}.Debug|Any CPU.Build.0 = Debug|Any CPU
		{ED5963E5-9685-4FCE-B78D-54547DE5C609}.Release|Any CPU.ActiveCfg = Release|Any CPU
		{ED5963E5-9685-4FCE-B78D-54547DE5C609}.Release|Any CPU.Build.0 = Release|Any CPU
		{30EAF9B6-FF1B-4F1A-9154-2F6073FD73C8}.Debug|Any CPU.ActiveCfg = Debug|Any CPU
		{30EAF9B6-FF1B-4F1A-9154-2F6073FD73C8}.Debug|Any CPU.Build.0 = Debug|Any CPU
		{30EAF9B6-FF1B-4F1A-9154-2F6073FD73C8}.Release|Any CPU.ActiveCfg = Release|Any CPU
		{30EAF9B6-FF1B-4F1A-9154-2F6073FD73C8}.Release|Any CPU.Build.0 = Release|Any CPU
		{C05056B1-011F-498E-B0A7-291A48DE2DEB}.Debug|Any CPU.ActiveCfg = Debug|Any CPU
		{C05056B1-011F-498E-B0A7-291A48DE2DEB}.Debug|Any CPU.Build.0 = Debug|Any CPU
		{C05056B1-011F-498E-B0A7-291A48DE2DEB}.Release|Any CPU.ActiveCfg = Release|Any CPU
		{C05056B1-011F-498E-B0A7-291A48DE2DEB}.Release|Any CPU.Build.0 = Release|Any CPU
		{9A1526D7-2034-4BD1-9871-8CD9411D292F}.Debug|Any CPU.ActiveCfg = Debug|Any CPU
		{9A1526D7-2034-4BD1-9871-8CD9411D292F}.Debug|Any CPU.Build.0 = Debug|Any CPU
		{9A1526D7-2034-4BD1-9871-8CD9411D292F}.Release|Any CPU.ActiveCfg = Release|Any CPU
		{9A1526D7-2034-4BD1-9871-8CD9411D292F}.Release|Any CPU.Build.0 = Release|Any CPU
	EndGlobalSection
	GlobalSection(SolutionProperties) = preSolution
		HideSolutionNode = FALSE
	EndGlobalSection
	GlobalSection(ExtensibilityGlobals) = postSolution
		SolutionGuid = {5A38C4C1-7032-4898-94C4-5B48E30DDA7D}
	EndGlobalSection
EndGlobal
